// !$*UTF8*$!
{
	archiveVersion = 1;
	classes = {
	};
	objectVersion = 56;
	objects = {

/* Begin PBXBuildFile section */
		8C7564952A4C13F200EE7F90 /* AppDelegate.swift in Sources */ = {isa = PBXBuildFile; fileRef = 8C7564942A4C13F200EE7F90 /* AppDelegate.swift */; };
		8C7564972A4C13F200EE7F90 /* SceneDelegate.swift in Sources */ = {isa = PBXBuildFile; fileRef = 8C7564962A4C13F200EE7F90 /* SceneDelegate.swift */; };
		8C7564992A4C13F200EE7F90 /* MainTabBarViewController.swift in Sources */ = {isa = PBXBuildFile; fileRef = 8C7564982A4C13F200EE7F90 /* MainTabBarViewController.swift */; };
		8C75649E2A4C13F200EE7F90 /* Assets.xcassets in Resources */ = {isa = PBXBuildFile; fileRef = 8C75649D2A4C13F200EE7F90 /* Assets.xcassets */; };
		8C7564A12A4C13F200EE7F90 /* LaunchScreen.storyboard in Resources */ = {isa = PBXBuildFile; fileRef = 8C75649F2A4C13F200EE7F90 /* LaunchScreen.storyboard */; };
		8C7564AB2A4C15F900EE7F90 /* HomeViewController.swift in Sources */ = {isa = PBXBuildFile; fileRef = 8C7564AA2A4C15F900EE7F90 /* HomeViewController.swift */; };
		8C7564AD2A4C160500EE7F90 /* SearchViewController.swift in Sources */ = {isa = PBXBuildFile; fileRef = 8C7564AC2A4C160500EE7F90 /* SearchViewController.swift */; };
		8C7564AF2A4C161200EE7F90 /* NotificationsViewController.swift in Sources */ = {isa = PBXBuildFile; fileRef = 8C7564AE2A4C161200EE7F90 /* NotificationsViewController.swift */; };
		8C7564B12A4C162000EE7F90 /* DirectMessagesViewController.swift in Sources */ = {isa = PBXBuildFile; fileRef = 8C7564B02A4C162000EE7F90 /* DirectMessagesViewController.swift */; };
		8C7564B42A4C200C00EE7F90 /* TweetTableViewCell.swift in Sources */ = {isa = PBXBuildFile; fileRef = 8C7564B32A4C200C00EE7F90 /* TweetTableViewCell.swift */; };
		8C7564B72A4C52D500EE7F90 /* ProfileViewController.swift in Sources */ = {isa = PBXBuildFile; fileRef = 8C7564B62A4C52D500EE7F90 /* ProfileViewController.swift */; };
		8C7564B92A4C651C00EE7F90 /* ProfileTableViewHeader.swift in Sources */ = {isa = PBXBuildFile; fileRef = 8C7564B82A4C651C00EE7F90 /* ProfileTableViewHeader.swift */; };
		8C7564BB2A4DE34000EE7F90 /* GoogleService-Info.plist in Resources */ = {isa = PBXBuildFile; fileRef = 8C7564BA2A4DE34000EE7F90 /* GoogleService-Info.plist */; };
		8C7564BE2A4DE61200EE7F90 /* FirebaseAuth in Frameworks */ = {isa = PBXBuildFile; productRef = 8C7564BD2A4DE61200EE7F90 /* FirebaseAuth */; };
		8C7564C02A4DE61200EE7F90 /* FirebaseAuthCombine-Community in Frameworks */ = {isa = PBXBuildFile; productRef = 8C7564BF2A4DE61200EE7F90 /* FirebaseAuthCombine-Community */; };
		8C7564C22A4DE61200EE7F90 /* FirebaseDatabase in Frameworks */ = {isa = PBXBuildFile; productRef = 8C7564C12A4DE61200EE7F90 /* FirebaseDatabase */; };
		8C7564C42A4DE61200EE7F90 /* FirebaseDatabaseSwift in Frameworks */ = {isa = PBXBuildFile; productRef = 8C7564C32A4DE61200EE7F90 /* FirebaseDatabaseSwift */; };
		8C7564C62A4DE61200EE7F90 /* FirebaseFirestore in Frameworks */ = {isa = PBXBuildFile; productRef = 8C7564C52A4DE61200EE7F90 /* FirebaseFirestore */; };
		8C7564C82A4DE61200EE7F90 /* FirebaseFirestoreCombine-Community in Frameworks */ = {isa = PBXBuildFile; productRef = 8C7564C72A4DE61200EE7F90 /* FirebaseFirestoreCombine-Community */; };
		8C7564CA2A4DE61200EE7F90 /* FirebaseFirestoreSwift in Frameworks */ = {isa = PBXBuildFile; productRef = 8C7564C92A4DE61200EE7F90 /* FirebaseFirestoreSwift */; };
		8C7564CC2A4DE61200EE7F90 /* FirebaseStorage in Frameworks */ = {isa = PBXBuildFile; productRef = 8C7564CB2A4DE61200EE7F90 /* FirebaseStorage */; };
		8C7564CE2A4DE61200EE7F90 /* FirebaseStorageCombine-Community in Frameworks */ = {isa = PBXBuildFile; productRef = 8C7564CD2A4DE61200EE7F90 /* FirebaseStorageCombine-Community */; };
		8C7564D12A4DE89500EE7F90 /* OnboardingViewController.swift in Sources */ = {isa = PBXBuildFile; fileRef = 8C7564D02A4DE89500EE7F90 /* OnboardingViewController.swift */; };
		8C7564D32A4DF4D800EE7F90 /* RegisterViewController.swift in Sources */ = {isa = PBXBuildFile; fileRef = 8C7564D22A4DF4D800EE7F90 /* RegisterViewController.swift */; };
		8C7564D62A4E068300EE7F90 /* RegisterViewViewModel.swift in Sources */ = {isa = PBXBuildFile; fileRef = 8C7564D52A4E068300EE7F90 /* RegisterViewViewModel.swift */; };
		8C7564D92A4EB43600EE7F90 /* AuthManager.swift in Sources */ = {isa = PBXBuildFile; fileRef = 8C7564D82A4EB43600EE7F90 /* AuthManager.swift */; };
		8C7564DB2A4F022100EE7F90 /* LoginViewController.swift in Sources */ = {isa = PBXBuildFile; fileRef = 8C7564DA2A4F022100EE7F90 /* LoginViewController.swift */; };
		8C7564DD2A4F073200EE7F90 /* LoginViewViewModel.swift in Sources */ = {isa = PBXBuildFile; fileRef = 8C7564DC2A4F073200EE7F90 /* LoginViewViewModel.swift */; };
		8C7564DF2A4F07C000EE7F90 /* AuthenticationViewViewModel.swift in Sources */ = {isa = PBXBuildFile; fileRef = 8C7564DE2A4F07C000EE7F90 /* AuthenticationViewViewModel.swift */; };
		8C7564E22A4F3A0C00EE7F90 /* TwitterUser.swift in Sources */ = {isa = PBXBuildFile; fileRef = 8C7564E12A4F3A0C00EE7F90 /* TwitterUser.swift */; };
		8C7564E42A4F3EE900EE7F90 /* DatabaseManager.swift in Sources */ = {isa = PBXBuildFile; fileRef = 8C7564E32A4F3EE900EE7F90 /* DatabaseManager.swift */; };
		8C7564E62A4F44C000EE7F90 /* HomeViewViewModel.swift in Sources */ = {isa = PBXBuildFile; fileRef = 8C7564E52A4F44C000EE7F90 /* HomeViewViewModel.swift */; };
		8C7564E82A4F503000EE7F90 /* ProfileDataFormViewController.swift in Sources */ = {isa = PBXBuildFile; fileRef = 8C7564E72A4F503000EE7F90 /* ProfileDataFormViewController.swift */; };
		8C7564EA2A4F516300EE7F90 /* ProfileDataFormViewViewModel.swift in Sources */ = {isa = PBXBuildFile; fileRef = 8C7564E92A4F516300EE7F90 /* ProfileDataFormViewViewModel.swift */; };
/* End PBXBuildFile section */

/* Begin PBXFileReference section */
		8C7564912A4C13F200EE7F90 /* TwitterApp-UIKit.app */ = {isa = PBXFileReference; explicitFileType = wrapper.application; includeInIndex = 0; path = "TwitterApp-UIKit.app"; sourceTree = BUILT_PRODUCTS_DIR; };
		8C7564942A4C13F200EE7F90 /* AppDelegate.swift */ = {isa = PBXFileReference; lastKnownFileType = sourcecode.swift; path = AppDelegate.swift; sourceTree = "<group>"; };
		8C7564962A4C13F200EE7F90 /* SceneDelegate.swift */ = {isa = PBXFileReference; lastKnownFileType = sourcecode.swift; path = SceneDelegate.swift; sourceTree = "<group>"; };
		8C7564982A4C13F200EE7F90 /* MainTabBarViewController.swift */ = {isa = PBXFileReference; lastKnownFileType = sourcecode.swift; path = MainTabBarViewController.swift; sourceTree = "<group>"; };
		8C75649D2A4C13F200EE7F90 /* Assets.xcassets */ = {isa = PBXFileReference; lastKnownFileType = folder.assetcatalog; path = Assets.xcassets; sourceTree = "<group>"; };
		8C7564A02A4C13F200EE7F90 /* Base */ = {isa = PBXFileReference; lastKnownFileType = file.storyboard; name = Base; path = Base.lproj/LaunchScreen.storyboard; sourceTree = "<group>"; };
		8C7564A22A4C13F200EE7F90 /* Info.plist */ = {isa = PBXFileReference; lastKnownFileType = text.plist.xml; path = Info.plist; sourceTree = "<group>"; };
		8C7564AA2A4C15F900EE7F90 /* HomeViewController.swift */ = {isa = PBXFileReference; lastKnownFileType = sourcecode.swift; path = HomeViewController.swift; sourceTree = "<group>"; };
		8C7564AC2A4C160500EE7F90 /* SearchViewController.swift */ = {isa = PBXFileReference; lastKnownFileType = sourcecode.swift; path = SearchViewController.swift; sourceTree = "<group>"; };
		8C7564AE2A4C161200EE7F90 /* NotificationsViewController.swift */ = {isa = PBXFileReference; lastKnownFileType = sourcecode.swift; path = NotificationsViewController.swift; sourceTree = "<group>"; };
		8C7564B02A4C162000EE7F90 /* DirectMessagesViewController.swift */ = {isa = PBXFileReference; lastKnownFileType = sourcecode.swift; path = DirectMessagesViewController.swift; sourceTree = "<group>"; };
		8C7564B32A4C200C00EE7F90 /* TweetTableViewCell.swift */ = {isa = PBXFileReference; lastKnownFileType = sourcecode.swift; path = TweetTableViewCell.swift; sourceTree = "<group>"; };
		8C7564B62A4C52D500EE7F90 /* ProfileViewController.swift */ = {isa = PBXFileReference; lastKnownFileType = sourcecode.swift; path = ProfileViewController.swift; sourceTree = "<group>"; };
		8C7564B82A4C651C00EE7F90 /* ProfileTableViewHeader.swift */ = {isa = PBXFileReference; lastKnownFileType = sourcecode.swift; path = ProfileTableViewHeader.swift; sourceTree = "<group>"; };
		8C7564BA2A4DE34000EE7F90 /* GoogleService-Info.plist */ = {isa = PBXFileReference; fileEncoding = 4; lastKnownFileType = text.plist.xml; path = "GoogleService-Info.plist"; sourceTree = "<group>"; };
		8C7564D02A4DE89500EE7F90 /* OnboardingViewController.swift */ = {isa = PBXFileReference; lastKnownFileType = sourcecode.swift; path = OnboardingViewController.swift; sourceTree = "<group>"; };
		8C7564D22A4DF4D800EE7F90 /* RegisterViewController.swift */ = {isa = PBXFileReference; lastKnownFileType = sourcecode.swift; path = RegisterViewController.swift; sourceTree = "<group>"; };
		8C7564D52A4E068300EE7F90 /* RegisterViewViewModel.swift */ = {isa = PBXFileReference; lastKnownFileType = sourcecode.swift; path = RegisterViewViewModel.swift; sourceTree = "<group>"; };
		8C7564D82A4EB43600EE7F90 /* AuthManager.swift */ = {isa = PBXFileReference; lastKnownFileType = sourcecode.swift; path = AuthManager.swift; sourceTree = "<group>"; };
		8C7564DA2A4F022100EE7F90 /* LoginViewController.swift */ = {isa = PBXFileReference; lastKnownFileType = sourcecode.swift; path = LoginViewController.swift; sourceTree = "<group>"; };
		8C7564DC2A4F073200EE7F90 /* LoginViewViewModel.swift */ = {isa = PBXFileReference; lastKnownFileType = sourcecode.swift; path = LoginViewViewModel.swift; sourceTree = "<group>"; };
		8C7564DE2A4F07C000EE7F90 /* AuthenticationViewViewModel.swift */ = {isa = PBXFileReference; lastKnownFileType = sourcecode.swift; path = AuthenticationViewViewModel.swift; sourceTree = "<group>"; };
		8C7564E12A4F3A0C00EE7F90 /* TwitterUser.swift */ = {isa = PBXFileReference; lastKnownFileType = sourcecode.swift; path = TwitterUser.swift; sourceTree = "<group>"; };
		8C7564E32A4F3EE900EE7F90 /* DatabaseManager.swift */ = {isa = PBXFileReference; lastKnownFileType = sourcecode.swift; path = DatabaseManager.swift; sourceTree = "<group>"; };
		8C7564E52A4F44C000EE7F90 /* HomeViewViewModel.swift */ = {isa = PBXFileReference; lastKnownFileType = sourcecode.swift; path = HomeViewViewModel.swift; sourceTree = "<group>"; };
		8C7564E72A4F503000EE7F90 /* ProfileDataFormViewController.swift */ = {isa = PBXFileReference; lastKnownFileType = sourcecode.swift; path = ProfileDataFormViewController.swift; sourceTree = "<group>"; };
		8C7564E92A4F516300EE7F90 /* ProfileDataFormViewViewModel.swift */ = {isa = PBXFileReference; lastKnownFileType = sourcecode.swift; path = ProfileDataFormViewViewModel.swift; sourceTree = "<group>"; };
/* End PBXFileReference section */

/* Begin PBXFrameworksBuildPhase section */
		8C75648E2A4C13F100EE7F90 /* Frameworks */ = {
			isa = PBXFrameworksBuildPhase;
			buildActionMask = 2147483647;
			files = (
				8C7564C42A4DE61200EE7F90 /* FirebaseDatabaseSwift in Frameworks */,
				8C7564C22A4DE61200EE7F90 /* FirebaseDatabase in Frameworks */,
				8C7564BE2A4DE61200EE7F90 /* FirebaseAuth in Frameworks */,
				8C7564CA2A4DE61200EE7F90 /* FirebaseFirestoreSwift in Frameworks */,
				8C7564C82A4DE61200EE7F90 /* FirebaseFirestoreCombine-Community in Frameworks */,
				8C7564CC2A4DE61200EE7F90 /* FirebaseStorage in Frameworks */,
				8C7564C62A4DE61200EE7F90 /* FirebaseFirestore in Frameworks */,
				8C7564CE2A4DE61200EE7F90 /* FirebaseStorageCombine-Community in Frameworks */,
				8C7564C02A4DE61200EE7F90 /* FirebaseAuthCombine-Community in Frameworks */,
			);
			runOnlyForDeploymentPostprocessing = 0;
		};
/* End PBXFrameworksBuildPhase section */

/* Begin PBXGroup section */
		8C7564882A4C13F100EE7F90 = {
			isa = PBXGroup;
			children = (
				8C7564932A4C13F200EE7F90 /* TwitterApp-UIKit */,
				8C7564922A4C13F200EE7F90 /* Products */,
			);
			sourceTree = "<group>";
		};
		8C7564922A4C13F200EE7F90 /* Products */ = {
			isa = PBXGroup;
			children = (
				8C7564912A4C13F200EE7F90 /* TwitterApp-UIKit.app */,
			);
			name = Products;
			sourceTree = "<group>";
		};
		8C7564932A4C13F200EE7F90 /* TwitterApp-UIKit */ = {
			isa = PBXGroup;
			children = (
				8C7564E02A4F39D500EE7F90 /* Models */,
				8C7564D72A4EB41300EE7F90 /* Networking */,
				8C7564D42A4E065C00EE7F90 /* ViewModels */,
				8C7564B22A4C1FE400EE7F90 /* Views */,
				8C7564A82A4C15B400EE7F90 /* Controllers */,
				8C7564942A4C13F200EE7F90 /* AppDelegate.swift */,
				8C7564962A4C13F200EE7F90 /* SceneDelegate.swift */,
				8C75649D2A4C13F200EE7F90 /* Assets.xcassets */,
				8C75649F2A4C13F200EE7F90 /* LaunchScreen.storyboard */,
				8C7564A22A4C13F200EE7F90 /* Info.plist */,
				8C7564BA2A4DE34000EE7F90 /* GoogleService-Info.plist */,
			);
			path = "TwitterApp-UIKit";
			sourceTree = "<group>";
		};
		8C7564A82A4C15B400EE7F90 /* Controllers */ = {
			isa = PBXGroup;
			children = (
				8C7564CF2A4DE86100EE7F90 /* Onboarding */,
				8C7564B52A4C52B900EE7F90 /* General */,
				8C7564A92A4C15BF00EE7F90 /* Core */,
			);
			path = Controllers;
			sourceTree = "<group>";
		};
		8C7564A92A4C15BF00EE7F90 /* Core */ = {
			isa = PBXGroup;
			children = (
				8C7564982A4C13F200EE7F90 /* MainTabBarViewController.swift */,
				8C7564AA2A4C15F900EE7F90 /* HomeViewController.swift */,
				8C7564AC2A4C160500EE7F90 /* SearchViewController.swift */,
				8C7564AE2A4C161200EE7F90 /* NotificationsViewController.swift */,
				8C7564B02A4C162000EE7F90 /* DirectMessagesViewController.swift */,
			);
			path = Core;
			sourceTree = "<group>";
		};
		8C7564B22A4C1FE400EE7F90 /* Views */ = {
			isa = PBXGroup;
			children = (
				8C7564B32A4C200C00EE7F90 /* TweetTableViewCell.swift */,
				8C7564B82A4C651C00EE7F90 /* ProfileTableViewHeader.swift */,
			);
			path = Views;
			sourceTree = "<group>";
		};
		8C7564B52A4C52B900EE7F90 /* General */ = {
			isa = PBXGroup;
			children = (
				8C7564B62A4C52D500EE7F90 /* ProfileViewController.swift */,
				8C7564E72A4F503000EE7F90 /* ProfileDataFormViewController.swift */,
			);
			path = General;
			sourceTree = "<group>";
		};
		8C7564CF2A4DE86100EE7F90 /* Onboarding */ = {
			isa = PBXGroup;
			children = (
				8C7564D02A4DE89500EE7F90 /* OnboardingViewController.swift */,
				8C7564D22A4DF4D800EE7F90 /* RegisterViewController.swift */,
				8C7564DA2A4F022100EE7F90 /* LoginViewController.swift */,
			);
			path = Onboarding;
			sourceTree = "<group>";
		};
		8C7564D42A4E065C00EE7F90 /* ViewModels */ = {
			isa = PBXGroup;
			children = (
				8C7564D52A4E068300EE7F90 /* RegisterViewViewModel.swift */,
				8C7564DC2A4F073200EE7F90 /* LoginViewViewModel.swift */,
				8C7564DE2A4F07C000EE7F90 /* AuthenticationViewViewModel.swift */,
				8C7564E52A4F44C000EE7F90 /* HomeViewViewModel.swift */,
				8C7564E92A4F516300EE7F90 /* ProfileDataFormViewViewModel.swift */,
			);
			path = ViewModels;
			sourceTree = "<group>";
		};
		8C7564D72A4EB41300EE7F90 /* Networking */ = {
			isa = PBXGroup;
			children = (
				8C7564D82A4EB43600EE7F90 /* AuthManager.swift */,
				8C7564E32A4F3EE900EE7F90 /* DatabaseManager.swift */,
			);
			path = Networking;
			sourceTree = "<group>";
		};
		8C7564E02A4F39D500EE7F90 /* Models */ = {
			isa = PBXGroup;
			children = (
				8C7564E12A4F3A0C00EE7F90 /* TwitterUser.swift */,
			);
			path = Models;
			sourceTree = "<group>";
		};
/* End PBXGroup section */

/* Begin PBXNativeTarget section */
		8C7564902A4C13F100EE7F90 /* TwitterApp-UIKit */ = {
			isa = PBXNativeTarget;
			buildConfigurationList = 8C7564A52A4C13F200EE7F90 /* Build configuration list for PBXNativeTarget "TwitterApp-UIKit" */;
			buildPhases = (
				8C75648D2A4C13F100EE7F90 /* Sources */,
				8C75648E2A4C13F100EE7F90 /* Frameworks */,
				8C75648F2A4C13F100EE7F90 /* Resources */,
			);
			buildRules = (
			);
			dependencies = (
			);
			name = "TwitterApp-UIKit";
			packageProductDependencies = (
				8C7564BD2A4DE61200EE7F90 /* FirebaseAuth */,
				8C7564BF2A4DE61200EE7F90 /* FirebaseAuthCombine-Community */,
				8C7564C12A4DE61200EE7F90 /* FirebaseDatabase */,
				8C7564C32A4DE61200EE7F90 /* FirebaseDatabaseSwift */,
				8C7564C52A4DE61200EE7F90 /* FirebaseFirestore */,
				8C7564C72A4DE61200EE7F90 /* FirebaseFirestoreCombine-Community */,
				8C7564C92A4DE61200EE7F90 /* FirebaseFirestoreSwift */,
				8C7564CB2A4DE61200EE7F90 /* FirebaseStorage */,
				8C7564CD2A4DE61200EE7F90 /* FirebaseStorageCombine-Community */,
			);
			productName = "TwitterApp-UIKit";
			productReference = 8C7564912A4C13F200EE7F90 /* TwitterApp-UIKit.app */;
			productType = "com.apple.product-type.application";
		};
/* End PBXNativeTarget section */

/* Begin PBXProject section */
		8C7564892A4C13F100EE7F90 /* Project object */ = {
			isa = PBXProject;
			attributes = {
				BuildIndependentTargetsInParallel = 1;
				LastSwiftUpdateCheck = 1430;
				LastUpgradeCheck = 1430;
				TargetAttributes = {
					8C7564902A4C13F100EE7F90 = {
						CreatedOnToolsVersion = 14.3;
					};
				};
			};
			buildConfigurationList = 8C75648C2A4C13F100EE7F90 /* Build configuration list for PBXProject "TwitterApp-UIKit" */;
			compatibilityVersion = "Xcode 14.0";
			developmentRegion = en;
			hasScannedForEncodings = 0;
			knownRegions = (
				en,
				Base,
			);
			mainGroup = 8C7564882A4C13F100EE7F90;
			packageReferences = (
				8C7564BC2A4DE61200EE7F90 /* XCRemoteSwiftPackageReference "firebase-ios-sdk" */,
			);
			productRefGroup = 8C7564922A4C13F200EE7F90 /* Products */;
			projectDirPath = "";
			projectRoot = "";
			targets = (
				8C7564902A4C13F100EE7F90 /* TwitterApp-UIKit */,
			);
		};
/* End PBXProject section */

/* Begin PBXResourcesBuildPhase section */
		8C75648F2A4C13F100EE7F90 /* Resources */ = {
			isa = PBXResourcesBuildPhase;
			buildActionMask = 2147483647;
			files = (
				8C7564A12A4C13F200EE7F90 /* LaunchScreen.storyboard in Resources */,
				8C75649E2A4C13F200EE7F90 /* Assets.xcassets in Resources */,
				8C7564BB2A4DE34000EE7F90 /* GoogleService-Info.plist in Resources */,
			);
			runOnlyForDeploymentPostprocessing = 0;
		};
/* End PBXResourcesBuildPhase section */

/* Begin PBXSourcesBuildPhase section */
		8C75648D2A4C13F100EE7F90 /* Sources */ = {
			isa = PBXSourcesBuildPhase;
			buildActionMask = 2147483647;
			files = (
				8C7564AD2A4C160500EE7F90 /* SearchViewController.swift in Sources */,
				8C7564D92A4EB43600EE7F90 /* AuthManager.swift in Sources */,
				8C7564992A4C13F200EE7F90 /* MainTabBarViewController.swift in Sources */,
				8C7564DD2A4F073200EE7F90 /* LoginViewViewModel.swift in Sources */,
				8C7564DB2A4F022100EE7F90 /* LoginViewController.swift in Sources */,
				8C7564952A4C13F200EE7F90 /* AppDelegate.swift in Sources */,
				8C7564D32A4DF4D800EE7F90 /* RegisterViewController.swift in Sources */,
				8C7564AF2A4C161200EE7F90 /* NotificationsViewController.swift in Sources */,
				8C7564E22A4F3A0C00EE7F90 /* TwitterUser.swift in Sources */,
				8C7564E82A4F503000EE7F90 /* ProfileDataFormViewController.swift in Sources */,
				8C7564972A4C13F200EE7F90 /* SceneDelegate.swift in Sources */,
				8C7564E62A4F44C000EE7F90 /* HomeViewViewModel.swift in Sources */,
				8C7564AB2A4C15F900EE7F90 /* HomeViewController.swift in Sources */,
				8C7564DF2A4F07C000EE7F90 /* AuthenticationViewViewModel.swift in Sources */,
				8C7564B72A4C52D500EE7F90 /* ProfileViewController.swift in Sources */,
				8C7564EA2A4F516300EE7F90 /* ProfileDataFormViewViewModel.swift in Sources */,
				8C7564B12A4C162000EE7F90 /* DirectMessagesViewController.swift in Sources */,
				8C7564E42A4F3EE900EE7F90 /* DatabaseManager.swift in Sources */,
				8C7564B92A4C651C00EE7F90 /* ProfileTableViewHeader.swift in Sources */,
				8C7564D12A4DE89500EE7F90 /* OnboardingViewController.swift in Sources */,
				8C7564B42A4C200C00EE7F90 /* TweetTableViewCell.swift in Sources */,
				8C7564D62A4E068300EE7F90 /* RegisterViewViewModel.swift in Sources */,
			);
			runOnlyForDeploymentPostprocessing = 0;
		};
/* End PBXSourcesBuildPhase section */

/* Begin PBXVariantGroup section */
		8C75649F2A4C13F200EE7F90 /* LaunchScreen.storyboard */ = {
			isa = PBXVariantGroup;
			children = (
				8C7564A02A4C13F200EE7F90 /* Base */,
			);
			name = LaunchScreen.storyboard;
			sourceTree = "<group>";
		};
/* End PBXVariantGroup section */

/* Begin XCBuildConfiguration section */
		8C7564A32A4C13F200EE7F90 /* Debug */ = {
			isa = XCBuildConfiguration;
			buildSettings = {
				ALWAYS_SEARCH_USER_PATHS = NO;
				CLANG_ANALYZER_NONNULL = YES;
				CLANG_ANALYZER_NUMBER_OBJECT_CONVERSION = YES_AGGRESSIVE;
				CLANG_CXX_LANGUAGE_STANDARD = "gnu++20";
				CLANG_ENABLE_MODULES = YES;
				CLANG_ENABLE_OBJC_ARC = YES;
				CLANG_ENABLE_OBJC_WEAK = YES;
				CLANG_WARN_BLOCK_CAPTURE_AUTORELEASING = YES;
				CLANG_WARN_BOOL_CONVERSION = YES;
				CLANG_WARN_COMMA = YES;
				CLANG_WARN_CONSTANT_CONVERSION = YES;
				CLANG_WARN_DEPRECATED_OBJC_IMPLEMENTATIONS = YES;
				CLANG_WARN_DIRECT_OBJC_ISA_USAGE = YES_ERROR;
				CLANG_WARN_DOCUMENTATION_COMMENTS = YES;
				CLANG_WARN_EMPTY_BODY = YES;
				CLANG_WARN_ENUM_CONVERSION = YES;
				CLANG_WARN_INFINITE_RECURSION = YES;
				CLANG_WARN_INT_CONVERSION = YES;
				CLANG_WARN_NON_LITERAL_NULL_CONVERSION = YES;
				CLANG_WARN_OBJC_IMPLICIT_RETAIN_SELF = YES;
				CLANG_WARN_OBJC_LITERAL_CONVERSION = YES;
				CLANG_WARN_OBJC_ROOT_CLASS = YES_ERROR;
				CLANG_WARN_QUOTED_INCLUDE_IN_FRAMEWORK_HEADER = YES;
				CLANG_WARN_RANGE_LOOP_ANALYSIS = YES;
				CLANG_WARN_STRICT_PROTOTYPES = YES;
				CLANG_WARN_SUSPICIOUS_MOVE = YES;
				CLANG_WARN_UNGUARDED_AVAILABILITY = YES_AGGRESSIVE;
				CLANG_WARN_UNREACHABLE_CODE = YES;
				CLANG_WARN__DUPLICATE_METHOD_MATCH = YES;
				COPY_PHASE_STRIP = NO;
				DEBUG_INFORMATION_FORMAT = dwarf;
				ENABLE_STRICT_OBJC_MSGSEND = YES;
				ENABLE_TESTABILITY = YES;
				GCC_C_LANGUAGE_STANDARD = gnu11;
				GCC_DYNAMIC_NO_PIC = NO;
				GCC_NO_COMMON_BLOCKS = YES;
				GCC_OPTIMIZATION_LEVEL = 0;
				GCC_PREPROCESSOR_DEFINITIONS = (
					"DEBUG=1",
					"$(inherited)",
				);
				GCC_WARN_64_TO_32_BIT_CONVERSION = YES;
				GCC_WARN_ABOUT_RETURN_TYPE = YES_ERROR;
				GCC_WARN_UNDECLARED_SELECTOR = YES;
				GCC_WARN_UNINITIALIZED_AUTOS = YES_AGGRESSIVE;
				GCC_WARN_UNUSED_FUNCTION = YES;
				GCC_WARN_UNUSED_VARIABLE = YES;
				IPHONEOS_DEPLOYMENT_TARGET = 16.4;
				MTL_ENABLE_DEBUG_INFO = INCLUDE_SOURCE;
				MTL_FAST_MATH = YES;
				ONLY_ACTIVE_ARCH = YES;
				SDKROOT = iphoneos;
				SWIFT_ACTIVE_COMPILATION_CONDITIONS = DEBUG;
				SWIFT_OPTIMIZATION_LEVEL = "-Onone";
			};
			name = Debug;
		};
		8C7564A42A4C13F200EE7F90 /* Release */ = {
			isa = XCBuildConfiguration;
			buildSettings = {
				ALWAYS_SEARCH_USER_PATHS = NO;
				CLANG_ANALYZER_NONNULL = YES;
				CLANG_ANALYZER_NUMBER_OBJECT_CONVERSION = YES_AGGRESSIVE;
				CLANG_CXX_LANGUAGE_STANDARD = "gnu++20";
				CLANG_ENABLE_MODULES = YES;
				CLANG_ENABLE_OBJC_ARC = YES;
				CLANG_ENABLE_OBJC_WEAK = YES;
				CLANG_WARN_BLOCK_CAPTURE_AUTORELEASING = YES;
				CLANG_WARN_BOOL_CONVERSION = YES;
				CLANG_WARN_COMMA = YES;
				CLANG_WARN_CONSTANT_CONVERSION = YES;
				CLANG_WARN_DEPRECATED_OBJC_IMPLEMENTATIONS = YES;
				CLANG_WARN_DIRECT_OBJC_ISA_USAGE = YES_ERROR;
				CLANG_WARN_DOCUMENTATION_COMMENTS = YES;
				CLANG_WARN_EMPTY_BODY = YES;
				CLANG_WARN_ENUM_CONVERSION = YES;
				CLANG_WARN_INFINITE_RECURSION = YES;
				CLANG_WARN_INT_CONVERSION = YES;
				CLANG_WARN_NON_LITERAL_NULL_CONVERSION = YES;
				CLANG_WARN_OBJC_IMPLICIT_RETAIN_SELF = YES;
				CLANG_WARN_OBJC_LITERAL_CONVERSION = YES;
				CLANG_WARN_OBJC_ROOT_CLASS = YES_ERROR;
				CLANG_WARN_QUOTED_INCLUDE_IN_FRAMEWORK_HEADER = YES;
				CLANG_WARN_RANGE_LOOP_ANALYSIS = YES;
				CLANG_WARN_STRICT_PROTOTYPES = YES;
				CLANG_WARN_SUSPICIOUS_MOVE = YES;
				CLANG_WARN_UNGUARDED_AVAILABILITY = YES_AGGRESSIVE;
				CLANG_WARN_UNREACHABLE_CODE = YES;
				CLANG_WARN__DUPLICATE_METHOD_MATCH = YES;
				COPY_PHASE_STRIP = NO;
				DEBUG_INFORMATION_FORMAT = "dwarf-with-dsym";
				ENABLE_NS_ASSERTIONS = NO;
				ENABLE_STRICT_OBJC_MSGSEND = YES;
				GCC_C_LANGUAGE_STANDARD = gnu11;
				GCC_NO_COMMON_BLOCKS = YES;
				GCC_WARN_64_TO_32_BIT_CONVERSION = YES;
				GCC_WARN_ABOUT_RETURN_TYPE = YES_ERROR;
				GCC_WARN_UNDECLARED_SELECTOR = YES;
				GCC_WARN_UNINITIALIZED_AUTOS = YES_AGGRESSIVE;
				GCC_WARN_UNUSED_FUNCTION = YES;
				GCC_WARN_UNUSED_VARIABLE = YES;
				IPHONEOS_DEPLOYMENT_TARGET = 16.4;
				MTL_ENABLE_DEBUG_INFO = NO;
				MTL_FAST_MATH = YES;
				SDKROOT = iphoneos;
				SWIFT_COMPILATION_MODE = wholemodule;
				SWIFT_OPTIMIZATION_LEVEL = "-O";
				VALIDATE_PRODUCT = YES;
			};
			name = Release;
		};
		8C7564A62A4C13F200EE7F90 /* Debug */ = {
			isa = XCBuildConfiguration;
			buildSettings = {
				ASSETCATALOG_COMPILER_APPICON_NAME = AppIcon;
				ASSETCATALOG_COMPILER_GLOBAL_ACCENT_COLOR_NAME = AccentColor;
				CODE_SIGN_STYLE = Automatic;
				CURRENT_PROJECT_VERSION = 1;
				GENERATE_INFOPLIST_FILE = YES;
				INFOPLIST_FILE = "TwitterApp-UIKit/Info.plist";
				INFOPLIST_KEY_UIApplicationSupportsIndirectInputEvents = YES;
				INFOPLIST_KEY_UILaunchStoryboardName = LaunchScreen;
				INFOPLIST_KEY_UISupportedInterfaceOrientations_iPad = "UIInterfaceOrientationPortrait UIInterfaceOrientationPortraitUpsideDown UIInterfaceOrientationLandscapeLeft UIInterfaceOrientationLandscapeRight";
				INFOPLIST_KEY_UISupportedInterfaceOrientations_iPhone = "UIInterfaceOrientationPortrait UIInterfaceOrientationLandscapeLeft UIInterfaceOrientationLandscapeRight";
				LD_RUNPATH_SEARCH_PATHS = (
					"$(inherited)",
					"@executable_path/Frameworks",
				);
				MARKETING_VERSION = 1.0;
				PRODUCT_BUNDLE_IDENTIFIER = "za.co.carrington.TwitterApp-UIKit";
				PRODUCT_NAME = "$(TARGET_NAME)";
				SWIFT_EMIT_LOC_STRINGS = YES;
				SWIFT_VERSION = 5.0;
				TARGETED_DEVICE_FAMILY = "1,2";
			};
			name = Debug;
		};
		8C7564A72A4C13F200EE7F90 /* Release */ = {
			isa = XCBuildConfiguration;
			buildSettings = {
				ASSETCATALOG_COMPILER_APPICON_NAME = AppIcon;
				ASSETCATALOG_COMPILER_GLOBAL_ACCENT_COLOR_NAME = AccentColor;
				CODE_SIGN_STYLE = Automatic;
				CURRENT_PROJECT_VERSION = 1;
				GENERATE_INFOPLIST_FILE = YES;
				INFOPLIST_FILE = "TwitterApp-UIKit/Info.plist";
				INFOPLIST_KEY_UIApplicationSupportsIndirectInputEvents = YES;
				INFOPLIST_KEY_UILaunchStoryboardName = LaunchScreen;
				INFOPLIST_KEY_UISupportedInterfaceOrientations_iPad = "UIInterfaceOrientationPortrait UIInterfaceOrientationPortraitUpsideDown UIInterfaceOrientationLandscapeLeft UIInterfaceOrientationLandscapeRight";
				INFOPLIST_KEY_UISupportedInterfaceOrientations_iPhone = "UIInterfaceOrientationPortrait UIInterfaceOrientationLandscapeLeft UIInterfaceOrientationLandscapeRight";
				LD_RUNPATH_SEARCH_PATHS = (
					"$(inherited)",
					"@executable_path/Frameworks",
				);
				MARKETING_VERSION = 1.0;
				PRODUCT_BUNDLE_IDENTIFIER = "za.co.carrington.TwitterApp-UIKit";
				PRODUCT_NAME = "$(TARGET_NAME)";
				SWIFT_EMIT_LOC_STRINGS = YES;
				SWIFT_VERSION = 5.0;
				TARGETED_DEVICE_FAMILY = "1,2";
			};
			name = Release;
		};
/* End XCBuildConfiguration section */

/* Begin XCConfigurationList section */
		8C75648C2A4C13F100EE7F90 /* Build configuration list for PBXProject "TwitterApp-UIKit" */ = {
			isa = XCConfigurationList;
			buildConfigurations = (
				8C7564A32A4C13F200EE7F90 /* Debug */,
				8C7564A42A4C13F200EE7F90 /* Release */,
			);
			defaultConfigurationIsVisible = 0;
			defaultConfigurationName = Release;
		};
		8C7564A52A4C13F200EE7F90 /* Build configuration list for PBXNativeTarget "TwitterApp-UIKit" */ = {
			isa = XCConfigurationList;
			buildConfigurations = (
				8C7564A62A4C13F200EE7F90 /* Debug */,
				8C7564A72A4C13F200EE7F90 /* Release */,
			);
			defaultConfigurationIsVisible = 0;
			defaultConfigurationName = Release;
		};
/* End XCConfigurationList section */

/* Begin XCRemoteSwiftPackageReference section */
		8C7564BC2A4DE61200EE7F90 /* XCRemoteSwiftPackageReference "firebase-ios-sdk" */ = {
			isa = XCRemoteSwiftPackageReference;
			repositoryURL = "https://github.com/firebase/firebase-ios-sdk";
			requirement = {
				kind = upToNextMajorVersion;
				minimumVersion = 10.0.0;
			};
		};
/* End XCRemoteSwiftPackageReference section */

/* Begin XCSwiftPackageProductDependency section */
		8C7564BD2A4DE61200EE7F90 /* FirebaseAuth */ = {
			isa = XCSwiftPackageProductDependency;
			package = 8C7564BC2A4DE61200EE7F90 /* XCRemoteSwiftPackageReference "firebase-ios-sdk" */;
			productName = FirebaseAuth;
		};
		8C7564BF2A4DE61200EE7F90 /* FirebaseAuthCombine-Community */ = {
			isa = XCSwiftPackageProductDependency;
			package = 8C7564BC2A4DE61200EE7F90 /* XCRemoteSwiftPackageReference "firebase-ios-sdk" */;
			productName = "FirebaseAuthCombine-Community";
		};
		8C7564C12A4DE61200EE7F90 /* FirebaseDatabase */ = {
			isa = XCSwiftPackageProductDependency;
			package = 8C7564BC2A4DE61200EE7F90 /* XCRemoteSwiftPackageReference "firebase-ios-sdk" */;
			productName = FirebaseDatabase;
		};
		8C7564C32A4DE61200EE7F90 /* FirebaseDatabaseSwift */ = {
			isa = XCSwiftPackageProductDependency;
			package = 8C7564BC2A4DE61200EE7F90 /* XCRemoteSwiftPackageReference "firebase-ios-sdk" */;
			productName = FirebaseDatabaseSwift;
		};
		8C7564C52A4DE61200EE7F90 /* FirebaseFirestore */ = {
			isa = XCSwiftPackageProductDependency;
			package = 8C7564BC2A4DE61200EE7F90 /* XCRemoteSwiftPackageReference "firebase-ios-sdk" */;
			productName = FirebaseFirestore;
		};
		8C7564C72A4DE61200EE7F90 /* FirebaseFirestoreCombine-Community */ = {
			isa = XCSwiftPackageProductDependency;
			package = 8C7564BC2A4DE61200EE7F90 /* XCRemoteSwiftPackageReference "firebase-ios-sdk" */;
			productName = "FirebaseFirestoreCombine-Community";
		};
		8C7564C92A4DE61200EE7F90 /* FirebaseFirestoreSwift */ = {
			isa = XCSwiftPackageProductDependency;
			package = 8C7564BC2A4DE61200EE7F90 /* XCRemoteSwiftPackageReference "firebase-ios-sdk" */;
			productName = FirebaseFirestoreSwift;
		};
		8C7564CB2A4DE61200EE7F90 /* FirebaseStorage */ = {
			isa = XCSwiftPackageProductDependency;
			package = 8C7564BC2A4DE61200EE7F90 /* XCRemoteSwiftPackageReference "firebase-ios-sdk" */;
			productName = FirebaseStorage;
		};
		8C7564CD2A4DE61200EE7F90 /* FirebaseStorageCombine-Community */ = {
			isa = XCSwiftPackageProductDependency;
			package = 8C7564BC2A4DE61200EE7F90 /* XCRemoteSwiftPackageReference "firebase-ios-sdk" */;
			productName = "FirebaseStorageCombine-Community";
		};
/* End XCSwiftPackageProductDependency section */
	};
	rootObject = 8C7564892A4C13F100EE7F90 /* Project object */;
}
